
Microsoft Visual Studio Solution File, Format Version 12.00
# Visual Studio 2012
Project("{FAE04EC0-301F-11D3-BF4B-00C04F79EFBC}") = "Brandon-Rowe-Chapter-10", "Brandon-Rowe-Chapter-10\Brandon-Rowe-Chapter-10.csproj", "{5F00ACD9-65A3-4245-84F1-106F7EE2DF3D}"
EndProject
Global
	GlobalSection(SolutionConfigurationPlatforms) = preSolution
		Debug|Any CPU = Debug|Any CPU
		Release|Any CPU = Release|Any CPU
	EndGlobalSection
	GlobalSection(ProjectConfigurationPlatforms) = postSolution
		{5F00ACD9-65A3-4245-84F1-106F7EE2DF3D}.Debug|Any CPU.ActiveCfg = Debug|Any CPU
		{5F00ACD9-65A3-4245-84F1-106F7EE2DF3D}.Debug|Any CPU.Build.0 = Debug|Any CPU
		{5F00ACD9-65A3-4245-84F1-106F7EE2DF3D}.Release|Any CPU.ActiveCfg = Release|Any CPU
		{5F00ACD9-65A3-4245-84F1-106F7EE2DF3D}.Release|Any CPU.Build.0 = Release|Any CPU
	EndGlobalSection
	GlobalSection(SolutionProperties) = preSolution
		HideSolutionNode = FALSE
	EndGlobalSection
EndGlobal
