
Microsoft Visual Studio Solution File, Format Version 12.00
# Visual Studio 2012
Project("{FAE04EC0-301F-11D3-BF4B-00C04F79EFBC}") = "Rowe-Brandon-Test-3", "Rowe-Brandon-Test-3\Rowe-Brandon-Test-3.csproj", "{A1395623-A691-4CC9-94E6-7DF4B969A38D}"
EndProject
Global
	GlobalSection(SolutionConfigurationPlatforms) = preSolution
		Debug|Any CPU = Debug|Any CPU
		Release|Any CPU = Release|Any CPU
	EndGlobalSection
	GlobalSection(ProjectConfigurationPlatforms) = postSolution
		{A1395623-A691-4CC9-94E6-7DF4B969A38D}.Debug|Any CPU.ActiveCfg = Debug|Any CPU
		{A1395623-A691-4CC9-94E6-7DF4B969A38D}.Debug|Any CPU.Build.0 = Debug|Any CPU
		{A1395623-A691-4CC9-94E6-7DF4B969A38D}.Release|Any CPU.ActiveCfg = Release|Any CPU
		{A1395623-A691-4CC9-94E6-7DF4B969A38D}.Release|Any CPU.Build.0 = Release|Any CPU
	EndGlobalSection
	GlobalSection(SolutionProperties) = preSolution
		HideSolutionNode = FALSE
	EndGlobalSection
EndGlobal
