
Microsoft Visual Studio Solution File, Format Version 12.00
# Visual Studio 2012
Project("{FAE04EC0-301F-11D3-BF4B-00C04F79EFBC}") = "Rowe-Brandon-Chapter-5", "Rowe-Brandon-Chapter-5\Rowe-Brandon-Chapter-5.csproj", "{16A9C4DA-9C58-4B9F-A32D-ABB473A93ED0}"
EndProject
Global
	GlobalSection(SolutionConfigurationPlatforms) = preSolution
		Debug|Any CPU = Debug|Any CPU
		Release|Any CPU = Release|Any CPU
	EndGlobalSection
	GlobalSection(ProjectConfigurationPlatforms) = postSolution
		{16A9C4DA-9C58-4B9F-A32D-ABB473A93ED0}.Debug|Any CPU.ActiveCfg = Debug|Any CPU
		{16A9C4DA-9C58-4B9F-A32D-ABB473A93ED0}.Debug|Any CPU.Build.0 = Debug|Any CPU
		{16A9C4DA-9C58-4B9F-A32D-ABB473A93ED0}.Release|Any CPU.ActiveCfg = Release|Any CPU
		{16A9C4DA-9C58-4B9F-A32D-ABB473A93ED0}.Release|Any CPU.Build.0 = Release|Any CPU
	EndGlobalSection
	GlobalSection(SolutionProperties) = preSolution
		HideSolutionNode = FALSE
	EndGlobalSection
EndGlobal
